
Microsoft Visual Studio Solution File, Format Version 12.00
# Visual Studio 15
VisualStudioVersion = 15.0.28307.168
MinimumVisualStudioVersion = 10.0.40219.1
Project("{FAE04EC0-301F-11D3-BF4B-00C04F79EFBC}") = "SearchSortPaging", "SearchSortPaging\SearchSortPaging.csproj", "{B19D327C-FB5D-449A-8BA4-F412E3F04089}"
EndProject
Global
	GlobalSection(SolutionConfigurationPlatforms) = preSolution
		Debug|Any CPU = Debug|Any CPU
		Release|Any CPU = Release|Any CPU
	EndGlobalSection
	GlobalSection(ProjectConfigurationPlatforms) = postSolution
		{B19D327C-FB5D-449A-8BA4-F412E3F04089}.Debug|Any CPU.ActiveCfg = Debug|Any CPU
		{B19D327C-FB5D-449A-8BA4-F412E3F04089}.Debug|Any CPU.Build.0 = Debug|Any CPU
		{B19D327C-FB5D-449A-8BA4-F412E3F04089}.Release|Any CPU.ActiveCfg = Release|Any CPU
		{B19D327C-FB5D-449A-8BA4-F412E3F04089}.Release|Any CPU.Build.0 = Release|Any CPU
	EndGlobalSection
	GlobalSection(SolutionProperties) = preSolution
		HideSolutionNode = FALSE
	EndGlobalSection
	GlobalSection(ExtensibilityGlobals) = postSolution
		SolutionGuid = {AEA5B38E-9B7C-4402-AABF-AAF279483F94}
	EndGlobalSection
EndGlobal
